
Microsoft Visual Studio Solution File, Format Version 12.00
# Visual Studio 15
VisualStudioVersion = 15.0.28010.2041
MinimumVisualStudioVersion = 10.0.40219.1
Project("{FAE04EC0-301F-11D3-BF4B-00C04F79EFBC}") = "QuickSort", "QuickSort\QuickSort.csproj", "{EB32A486-0815-4881-B060-3ACB1D6EBC63}"
EndProject
Global
	GlobalSection(SolutionConfigurationPlatforms) = preSolution
		Debug|Any CPU = Debug|Any CPU
		Release|Any CPU = Release|Any CPU
	EndGlobalSection
	GlobalSection(ProjectConfigurationPlatforms) = postSolution
		{EB32A486-0815-4881-B060-3ACB1D6EBC63}.Debug|Any CPU.ActiveCfg = Debug|Any CPU
		{EB32A486-0815-4881-B060-3ACB1D6EBC63}.Debug|Any CPU.Build.0 = Debug|Any CPU
		{EB32A486-0815-4881-B060-3ACB1D6EBC63}.Release|Any CPU.ActiveCfg = Release|Any CPU
		{EB32A486-0815-4881-B060-3ACB1D6EBC63}.Release|Any CPU.Build.0 = Release|Any CPU
	EndGlobalSection
	GlobalSection(SolutionProperties) = preSolution
		HideSolutionNode = FALSE
	EndGlobalSection
	GlobalSection(ExtensibilityGlobals) = postSolution
		SolutionGuid = {16CC77B8-0C58-4D3A-95C5-1BBC8A5764DB}
	EndGlobalSection
EndGlobal
